// !$*UTF8*$!
{
	archiveVersion = 1;
	classes = {
	};
	objectVersion = 77;
	objects = {

/* Begin PBXContainerItemProxy section */
		7A3D654B2D794E2F0015C27B /* PBXContainerItemProxy */ = {
			isa = PBXContainerItemProxy;
			containerPortal = 7A3D65322D794E2E0015C27B /* Project object */;
			proxyType = 1;
			remoteGlobalIDString = 7A3D65392D794E2E0015C27B;
			remoteInfo = AwkTalk2;
		};
		7A3D65552D794E2F0015C27B /* PBXContainerItemProxy */ = {
			isa = PBXContainerItemProxy;
			containerPortal = 7A3D65322D794E2E0015C27B /* Project object */;
			proxyType = 1;
			remoteGlobalIDString = 7A3D65392D794E2E0015C27B;
			remoteInfo = AwkTalk2;
		};
/* End PBXContainerItemProxy section */

/* Begin PBXCopyFilesBuildPhase section */
		7AD10EB92D8129CD005A56D9 /* Embed Frameworks */ = {
			isa = PBXCopyFilesBuildPhase;
			buildActionMask = 2147483647;
			dstPath = "";
			dstSubfolderSpec = 10;
			files = (
			);
			name = "Embed Frameworks";
			runOnlyForDeploymentPostprocessing = 0;
		};
/* End PBXCopyFilesBuildPhase section */

/* Begin PBXFileReference section */
		7A3D653A2D794E2E0015C27B /* AwkTalk2.app */ = {isa = PBXFileReference; explicitFileType = wrapper.application; includeInIndex = 0; path = AwkTalk2.app; sourceTree = BUILT_PRODUCTS_DIR; };
		7A3D654A2D794E2F0015C27B /* AwkTalk2Tests.xctest */ = {isa = PBXFileReference; explicitFileType = wrapper.cfbundle; includeInIndex = 0; path = AwkTalk2Tests.xctest; sourceTree = BUILT_PRODUCTS_DIR; };
		7A3D65542D794E2F0015C27B /* AwkTalk2UITests.xctest */ = {isa = PBXFileReference; explicitFileType = wrapper.cfbundle; includeInIndex = 0; path = AwkTalk2UITests.xctest; sourceTree = BUILT_PRODUCTS_DIR; };
/* End PBXFileReference section */

/* Begin PBXFileSystemSynchronizedGroupBuildPhaseMembershipExceptionSet section */
		7A9537452D85312600F1158F /* Exceptions for "AwkTalk2" folder in "Embed Frameworks" phase from "AwkTalk2" target */ = {
			isa = PBXFileSystemSynchronizedGroupBuildPhaseMembershipExceptionSet;
			attributesByRelativePath = {
				MicrosoftCognitiveServicesSpeech.xcframework = (CodeSignOnCopy, RemoveHeadersOnCopy, );
			};
			buildPhase = 7AD10EB92D8129CD005A56D9 /* Embed Frameworks */;
			membershipExceptions = (
				MicrosoftCognitiveServicesSpeech.xcframework,
			);
		};
/* End PBXFileSystemSynchronizedGroupBuildPhaseMembershipExceptionSet section */

/* Begin PBXFileSystemSynchronizedRootGroup section */
		7A3D653C2D794E2E0015C27B /* AwkTalk2 */ = {
			isa = PBXFileSystemSynchronizedRootGroup;
			exceptions = (
				7A9537452D85312600F1158F /* Exceptions for "AwkTalk2" folder in "Embed Frameworks" phase from "AwkTalk2" target */,
			);
			path = AwkTalk2;
			sourceTree = "<group>";
		};
		7A3D654D2D794E2F0015C27B /* AwkTalk2Tests */ = {
			isa = PBXFileSystemSynchronizedRootGroup;
			path = AwkTalk2Tests;
			sourceTree = "<group>";
		};
		7A3D65572D794E2F0015C27B /* AwkTalk2UITests */ = {
			isa = PBXFileSystemSynchronizedRootGroup;
			path = AwkTalk2UITests;
			sourceTree = "<group>";
		};
/* End PBXFileSystemSynchronizedRootGroup section */

/* Begin PBXFrameworksBuildPhase section */
		7A3D65372D794E2E0015C27B /* Frameworks */ = {
			isa = PBXFrameworksBuildPhase;
			buildActionMask = 2147483647;
			files = (
			);
			runOnlyForDeploymentPostprocessing = 0;
		};
		7A3D65472D794E2F0015C27B /* Frameworks */ = {
			isa = PBXFrameworksBuildPhase;
			buildActionMask = 2147483647;
			files = (
			);
			runOnlyForDeploymentPostprocessing = 0;
		};
		7A3D65512D794E2F0015C27B /* Frameworks */ = {
			isa = PBXFrameworksBuildPhase;
			buildActionMask = 2147483647;
			files = (
			);
			runOnlyForDeploymentPostprocessing = 0;
		};
/* End PBXFrameworksBuildPhase section */

/* Begin PBXGroup section */
		7A3D65312D794E2E0015C27B = {
			isa = PBXGroup;
			children = (
				7A3D653C2D794E2E0015C27B /* AwkTalk2 */,
				7A3D654D2D794E2F0015C27B /* AwkTalk2Tests */,
				7A3D65572D794E2F0015C27B /* AwkTalk2UITests */,
				7A3D653B2D794E2E0015C27B /* Products */,
			);
			sourceTree = "<group>";
		};
		7A3D653B2D794E2E0015C27B /* Products */ = {
			isa = PBXGroup;
			children = (
				7A3D653A2D794E2E0015C27B /* AwkTalk2.app */,
				7A3D654A2D794E2F0015C27B /* AwkTalk2Tests.xctest */,
				7A3D65542D794E2F0015C27B /* AwkTalk2UITests.xctest */,
			);
			name = Products;
			sourceTree = "<group>";
		};
/* End PBXGroup section */

/* Begin PBXNativeTarget section */
		7A3D65392D794E2E0015C27B /* AwkTalk2 */ = {
			isa = PBXNativeTarget;
			buildConfigurationList = 7A3D655E2D794E2F0015C27B /* Build configuration list for PBXNativeTarget "AwkTalk2" */;
			buildPhases = (
				7A3D65362D794E2E0015C27B /* Sources */,
				7A3D65372D794E2E0015C27B /* Frameworks */,
				7A3D65382D794E2E0015C27B /* Resources */,
				7AD10EB92D8129CD005A56D9 /* Embed Frameworks */,
			);
			buildRules = (
			);
			dependencies = (
			);
			fileSystemSynchronizedGroups = (
				7A3D653C2D794E2E0015C27B /* AwkTalk2 */,
			);
			name = AwkTalk2;
			productName = AwkTalk2;
			productReference = 7A3D653A2D794E2E0015C27B /* AwkTalk2.app */;
			productType = "com.apple.product-type.application";
		};
		7A3D65492D794E2F0015C27B /* AwkTalk2Tests */ = {
			isa = PBXNativeTarget;
			buildConfigurationList = 7A3D65612D794E2F0015C27B /* Build configuration list for PBXNativeTarget "AwkTalk2Tests" */;
			buildPhases = (
				7A3D65462D794E2F0015C27B /* Sources */,
				7A3D65472D794E2F0015C27B /* Frameworks */,
				7A3D65482D794E2F0015C27B /* Resources */,
			);
			buildRules = (
			);
			dependencies = (
				7A3D654C2D794E2F0015C27B /* PBXTargetDependency */,
			);
			fileSystemSynchronizedGroups = (
				7A3D654D2D794E2F0015C27B /* AwkTalk2Tests */,
			);
			name = AwkTalk2Tests;
			productName = AwkTalk2Tests;
			productReference = 7A3D654A2D794E2F0015C27B /* AwkTalk2Tests.xctest */;
			productType = "com.apple.product-type.bundle.unit-test";
		};
		7A3D65532D794E2F0015C27B /* AwkTalk2UITests */ = {
			isa = PBXNativeTarget;
			buildConfigurationList = 7A3D65642D794E2F0015C27B /* Build configuration list for PBXNativeTarget "AwkTalk2UITests" */;
			buildPhases = (
				7A3D65502D794E2F0015C27B /* Sources */,
				7A3D65512D794E2F0015C27B /* Frameworks */,
				7A3D65522D794E2F0015C27B /* Resources */,
			);
			buildRules = (
			);
			dependencies = (
				7A3D65562D794E2F0015C27B /* PBXTargetDependency */,
			);
			fileSystemSynchronizedGroups = (
				7A3D65572D794E2F0015C27B /* AwkTalk2UITests */,
			);
			name = AwkTalk2UITests;
			productName = AwkTalk2UITests;
			productReference = 7A3D65542D794E2F0015C27B /* AwkTalk2UITests.xctest */;
			productType = "com.apple.product-type.bundle.ui-testing";
		};
/* End PBXNativeTarget section */

/* Begin PBXProject section */
		7A3D65322D794E2E0015C27B /* Project object */ = {
			isa = PBXProject;
			attributes = {
				BuildIndependentTargetsInParallel = 1;
				LastSwiftUpdateCheck = 1620;
				LastUpgradeCheck = 1620;
				TargetAttributes = {
					7A3D65392D794E2E0015C27B = {
						CreatedOnToolsVersion = 16.2;
					};
					7A3D65492D794E2F0015C27B = {
						CreatedOnToolsVersion = 16.2;
						TestTargetID = 7A3D65392D794E2E0015C27B;
					};
					7A3D65532D794E2F0015C27B = {
						CreatedOnToolsVersion = 16.2;
						TestTargetID = 7A3D65392D794E2E0015C27B;
					};
				};
			};
			buildConfigurationList = 7A3D65352D794E2E0015C27B /* Build configuration list for PBXProject "AwkTalk2" */;
			developmentRegion = en;
			hasScannedForEncodings = 0;
			knownRegions = (
				en,
				Base,
			);
			mainGroup = 7A3D65312D794E2E0015C27B;
			minimizedProjectReferenceProxies = 1;
			preferredProjectObjectVersion = 77;
			productRefGroup = 7A3D653B2D794E2E0015C27B /* Products */;
			projectDirPath = "";
			projectRoot = "";
			targets = (
				7A3D65392D794E2E0015C27B /* AwkTalk2 */,
				7A3D65492D794E2F0015C27B /* AwkTalk2Tests */,
				7A3D65532D794E2F0015C27B /* AwkTalk2UITests */,
			);
		};
/* End PBXProject section */

/* Begin PBXResourcesBuildPhase section */
		7A3D65382D794E2E0015C27B /* Resources */ = {
			isa = PBXResourcesBuildPhase;
			buildActionMask = 2147483647;
			files = (
			);
			runOnlyForDeploymentPostprocessing = 0;
		};
		7A3D65482D794E2F0015C27B /* Resources */ = {
			isa = PBXResourcesBuildPhase;
			buildActionMask = 2147483647;
			files = (
			);
			runOnlyForDeploymentPostprocessing = 0;
		};
		7A3D65522D794E2F0015C27B /* Resources */ = {
			isa = PBXResourcesBuildPhase;
			buildActionMask = 2147483647;
			files = (
			);
			runOnlyForDeploymentPostprocessing = 0;
		};
/* End PBXResourcesBuildPhase section */

/* Begin PBXSourcesBuildPhase section */
		7A3D65362D794E2E0015C27B /* Sources */ = {
			isa = PBXSourcesBuildPhase;
			buildActionMask = 2147483647;
			files = (
			);
			runOnlyForDeploymentPostprocessing = 0;
		};
		7A3D65462D794E2F0015C27B /* Sources */ = {
			isa = PBXSourcesBuildPhase;
			buildActionMask = 2147483647;
			files = (
			);
			runOnlyForDeploymentPostprocessing = 0;
		};
		7A3D65502D794E2F0015C27B /* Sources */ = {
			isa = PBXSourcesBuildPhase;
			buildActionMask = 2147483647;
			files = (
			);
			runOnlyForDeploymentPostprocessing = 0;
		};
/* End PBXSourcesBuildPhase section */

/* Begin PBXTargetDependency section */
		7A3D654C2D794E2F0015C27B /* PBXTargetDependency */ = {
			isa = PBXTargetDependency;
			target = 7A3D65392D794E2E0015C27B /* AwkTalk2 */;
			targetProxy = 7A3D654B2D794E2F0015C27B /* PBXContainerItemProxy */;
		};
		7A3D65562D794E2F0015C27B /* PBXTargetDependency */ = {
			isa = PBXTargetDependency;
			target = 7A3D65392D794E2E0015C27B /* AwkTalk2 */;
			targetProxy = 7A3D65552D794E2F0015C27B /* PBXContainerItemProxy */;
		};
/* End PBXTargetDependency section */

/* Begin XCBuildConfiguration section */
		7A3D655C2D794E2F0015C27B /* Debug */ = {
			isa = XCBuildConfiguration;
			buildSettings = {
				ALWAYS_SEARCH_USER_PATHS = NO;
				ASSETCATALOG_COMPILER_GENERATE_SWIFT_ASSET_SYMBOL_EXTENSIONS = YES;
				CLANG_ANALYZER_NONNULL = YES;
				CLANG_ANALYZER_NUMBER_OBJECT_CONVERSION = YES_AGGRESSIVE;
				CLANG_CXX_LANGUAGE_STANDARD = "gnu++20";
				CLANG_ENABLE_MODULES = YES;
				CLANG_ENABLE_OBJC_ARC = YES;
				CLANG_ENABLE_OBJC_WEAK = YES;
				CLANG_WARN_BLOCK_CAPTURE_AUTORELEASING = YES;
				CLANG_WARN_BOOL_CONVERSION = YES;
				CLANG_WARN_COMMA = YES;
				CLANG_WARN_CONSTANT_CONVERSION = YES;
				CLANG_WARN_DEPRECATED_OBJC_IMPLEMENTATIONS = YES;
				CLANG_WARN_DIRECT_OBJC_ISA_USAGE = YES_ERROR;
				CLANG_WARN_DOCUMENTATION_COMMENTS = YES;
				CLANG_WARN_EMPTY_BODY = YES;
				CLANG_WARN_ENUM_CONVERSION = YES;
				CLANG_WARN_INFINITE_RECURSION = YES;
				CLANG_WARN_INT_CONVERSION = YES;
				CLANG_WARN_NON_LITERAL_NULL_CONVERSION = YES;
				CLANG_WARN_OBJC_IMPLICIT_RETAIN_SELF = YES;
				CLANG_WARN_OBJC_LITERAL_CONVERSION = YES;
				CLANG_WARN_OBJC_ROOT_CLASS = YES_ERROR;
				CLANG_WARN_QUOTED_INCLUDE_IN_FRAMEWORK_HEADER = YES;
				CLANG_WARN_RANGE_LOOP_ANALYSIS = YES;
				CLANG_WARN_STRICT_PROTOTYPES = YES;
				CLANG_WARN_SUSPICIOUS_MOVE = YES;
				CLANG_WARN_UNGUARDED_AVAILABILITY = YES_AGGRESSIVE;
				CLANG_WARN_UNREACHABLE_CODE = YES;
				CLANG_WARN__DUPLICATE_METHOD_MATCH = YES;
				COPY_PHASE_STRIP = NO;
				DEBUG_INFORMATION_FORMAT = dwarf;
				ENABLE_STRICT_OBJC_MSGSEND = YES;
				ENABLE_TESTABILITY = YES;
				ENABLE_USER_SCRIPT_SANDBOXING = YES;
				GCC_C_LANGUAGE_STANDARD = gnu17;
				GCC_DYNAMIC_NO_PIC = NO;
				GCC_NO_COMMON_BLOCKS = YES;
				GCC_OPTIMIZATION_LEVEL = 0;
				GCC_PREPROCESSOR_DEFINITIONS = (
					"DEBUG=1",
					"$(inherited)",
				);
				GCC_WARN_64_TO_32_BIT_CONVERSION = YES;
				GCC_WARN_ABOUT_RETURN_TYPE = YES_ERROR;
				GCC_WARN_UNDECLARED_SELECTOR = YES;
				GCC_WARN_UNINITIALIZED_AUTOS = YES_AGGRESSIVE;
				GCC_WARN_UNUSED_FUNCTION = YES;
				GCC_WARN_UNUSED_VARIABLE = YES;
				IPHONEOS_DEPLOYMENT_TARGET = 18.2;
				LOCALIZATION_PREFERS_STRING_CATALOGS = YES;
				MTL_ENABLE_DEBUG_INFO = INCLUDE_SOURCE;
				MTL_FAST_MATH = YES;
				ONLY_ACTIVE_ARCH = YES;
				SDKROOT = iphoneos;
				SWIFT_ACTIVE_COMPILATION_CONDITIONS = "DEBUG $(inherited)";
				SWIFT_OPTIMIZATION_LEVEL = "-Onone";
			};
			name = Debug;
		};
		7A3D655D2D794E2F0015C27B /* Release */ = {
			isa = XCBuildConfiguration;
			buildSettings = {
				ALWAYS_SEARCH_USER_PATHS = NO;
				ASSETCATALOG_COMPILER_GENERATE_SWIFT_ASSET_SYMBOL_EXTENSIONS = YES;
				CLANG_ANALYZER_NONNULL = YES;
				CLANG_ANALYZER_NUMBER_OBJECT_CONVERSION = YES_AGGRESSIVE;
				CLANG_CXX_LANGUAGE_STANDARD = "gnu++20";
				CLANG_ENABLE_MODULES = YES;
				CLANG_ENABLE_OBJC_ARC = YES;
				CLANG_ENABLE_OBJC_WEAK = YES;
				CLANG_WARN_BLOCK_CAPTURE_AUTORELEASING = YES;
				CLANG_WARN_BOOL_CONVERSION = YES;
				CLANG_WARN_COMMA = YES;
				CLANG_WARN_CONSTANT_CONVERSION = YES;
				CLANG_WARN_DEPRECATED_OBJC_IMPLEMENTATIONS = YES;
				CLANG_WARN_DIRECT_OBJC_ISA_USAGE = YES_ERROR;
				CLANG_WARN_DOCUMENTATION_COMMENTS = YES;
				CLANG_WARN_EMPTY_BODY = YES;
				CLANG_WARN_ENUM_CONVERSION = YES;
				CLANG_WARN_INFINITE_RECURSION = YES;
				CLANG_WARN_INT_CONVERSION = YES;
				CLANG_WARN_NON_LITERAL_NULL_CONVERSION = YES;
				CLANG_WARN_OBJC_IMPLICIT_RETAIN_SELF = YES;
				CLANG_WARN_OBJC_LITERAL_CONVERSION = YES;
				CLANG_WARN_OBJC_ROOT_CLASS = YES_ERROR;
				CLANG_WARN_QUOTED_INCLUDE_IN_FRAMEWORK_HEADER = YES;
				CLANG_WARN_RANGE_LOOP_ANALYSIS = YES;
				CLANG_WARN_STRICT_PROTOTYPES = YES;
				CLANG_WARN_SUSPICIOUS_MOVE = YES;
				CLANG_WARN_UNGUARDED_AVAILABILITY = YES_AGGRESSIVE;
				CLANG_WARN_UNREACHABLE_CODE = YES;
				CLANG_WARN__DUPLICATE_METHOD_MATCH = YES;
				COPY_PHASE_STRIP = NO;
				DEBUG_INFORMATION_FORMAT = "dwarf-with-dsym";
				ENABLE_NS_ASSERTIONS = NO;
				ENABLE_STRICT_OBJC_MSGSEND = YES;
				ENABLE_USER_SCRIPT_SANDBOXING = YES;
				GCC_C_LANGUAGE_STANDARD = gnu17;
				GCC_NO_COMMON_BLOCKS = YES;
				GCC_WARN_64_TO_32_BIT_CONVERSION = YES;
				GCC_WARN_ABOUT_RETURN_TYPE = YES_ERROR;
				GCC_WARN_UNDECLARED_SELECTOR = YES;
				GCC_WARN_UNINITIALIZED_AUTOS = YES_AGGRESSIVE;
				GCC_WARN_UNUSED_FUNCTION = YES;
				GCC_WARN_UNUSED_VARIABLE = YES;
				IPHONEOS_DEPLOYMENT_TARGET = 18.2;
				LOCALIZATION_PREFERS_STRING_CATALOGS = YES;
				MTL_ENABLE_DEBUG_INFO = NO;
				MTL_FAST_MATH = YES;
				SDKROOT = iphoneos;
				SWIFT_COMPILATION_MODE = wholemodule;
				VALIDATE_PRODUCT = YES;
			};
			name = Release;
		};
		7A3D655F2D794E2F0015C27B /* Debug */ = {
			isa = XCBuildConfiguration;
			buildSettings = {
				ASSETCATALOG_COMPILER_APPICON_NAME = AppIcon;
				ASSETCATALOG_COMPILER_GLOBAL_ACCENT_COLOR_NAME = AccentColor;
				CODE_SIGN_STYLE = Automatic;
				CURRENT_PROJECT_VERSION = 1;
				DEVELOPMENT_ASSET_PATHS = "\"AwkTalk2/Preview Content\"";
				DEVELOPMENT_TEAM = 6CVHWH9A2F;
				ENABLE_PREVIEWS = YES;
				GENERATE_INFOPLIST_FILE = YES;
				INFOPLIST_FILE = Info.plist;
				INFOPLIST_KEY_UIApplicationSceneManifest_Generation = YES;
				INFOPLIST_KEY_UIApplicationSupportsIndirectInputEvents = YES;
				INFOPLIST_KEY_UILaunchScreen_Generation = YES;
				INFOPLIST_KEY_UISupportedInterfaceOrientations_iPad = "UIInterfaceOrientationPortrait UIInterfaceOrientationPortraitUpsideDown UIInterfaceOrientationLandscapeLeft UIInterfaceOrientationLandscapeRight";
				INFOPLIST_KEY_UISupportedInterfaceOrientations_iPhone = "UIInterfaceOrientationPortrait UIInterfaceOrientationLandscapeLeft UIInterfaceOrientationLandscapeRight";
				LD_RUNPATH_SEARCH_PATHS = (
					"$(inherited)",
					"@executable_path/Frameworks",
				);
				MARKETING_VERSION = 1.0;
				PRODUCT_BUNDLE_IDENTIFIER = aro.tech.AwkTalk2;
				PRODUCT_NAME = "$(TARGET_NAME)";
				SWIFT_EMIT_LOC_STRINGS = YES;
				SWIFT_VERSION = 5.0;
				TARGETED_DEVICE_FAMILY = "1,2";
			};
			name = Debug;
		};
		7A3D65602D794E2F0015C27B /* Release */ = {
			isa = XCBuildConfiguration;
			buildSettings = {
				ASSETCATALOG_COMPILER_APPICON_NAME = AppIcon;
				ASSETCATALOG_COMPILER_GLOBAL_ACCENT_COLOR_NAME = AccentColor;
				CODE_SIGN_STYLE = Automatic;
				CURRENT_PROJECT_VERSION = 1;
				DEVELOPMENT_ASSET_PATHS = "\"AwkTalk2/Preview Content\"";
				DEVELOPMENT_TEAM = 6CVHWH9A2F;
				ENABLE_PREVIEWS = YES;
				GENERATE_INFOPLIST_FILE = YES;
				INFOPLIST_FILE = Info.plist;
				INFOPLIST_KEY_UIApplicationSceneManifest_Generation = YES;
				INFOPLIST_KEY_UIApplicationSupportsIndirectInputEvents = YES;
				INFOPLIST_KEY_UILaunchScreen_Generation = YES;
				INFOPLIST_KEY_UISupportedInterfaceOrientations_iPad = "UIInterfaceOrientationPortrait UIInterfaceOrientationPortraitUpsideDown UIInterfaceOrientationLandscapeLeft UIInterfaceOrientationLandscapeRight";
				INFOPLIST_KEY_UISupportedInterfaceOrientations_iPhone = "UIInterfaceOrientationPortrait UIInterfaceOrientationLandscapeLeft UIInterfaceOrientationLandscapeRight";
				LD_RUNPATH_SEARCH_PATHS = (
					"$(inherited)",
					"@executable_path/Frameworks",
				);
				MARKETING_VERSION = 1.0;
				PRODUCT_BUNDLE_IDENTIFIER = aro.tech.AwkTalk2;
				PRODUCT_NAME = "$(TARGET_NAME)";
				SWIFT_EMIT_LOC_STRINGS = YES;
				SWIFT_VERSION = 5.0;
				TARGETED_DEVICE_FAMILY = "1,2";
				VALIDATE_PRODUCT = NO;
			};
			name = Release;
		};
		7A3D65622D794E2F0015C27B /* Debug */ = {
			isa = XCBuildConfiguration;
			buildSettings = {
				BUNDLE_LOADER = "$(TEST_HOST)";
				CODE_SIGN_STYLE = Automatic;
				CURRENT_PROJECT_VERSION = 1;
				DEVELOPMENT_TEAM = 6CVHWH9A2F;
				GENERATE_INFOPLIST_FILE = YES;
				IPHONEOS_DEPLOYMENT_TARGET = 18.2;
				MARKETING_VERSION = 1.0;
				PRODUCT_BUNDLE_IDENTIFIER = aro.tech.AwkTalk2Tests;
				PRODUCT_NAME = "$(TARGET_NAME)";
				SWIFT_EMIT_LOC_STRINGS = NO;
				SWIFT_VERSION = 5.0;
				TARGETED_DEVICE_FAMILY = "1,2";
				TEST_HOST = "$(BUILT_PRODUCTS_DIR)/AwkTalk2.app/$(BUNDLE_EXECUTABLE_FOLDER_PATH)/AwkTalk2";
			};
			name = Debug;
		};
		7A3D65632D794E2F0015C27B /* Release */ = {
			isa = XCBuildConfiguration;
			buildSettings = {
				BUNDLE_LOADER = "$(TEST_HOST)";
				CODE_SIGN_STYLE = Automatic;
				CURRENT_PROJECT_VERSION = 1;
				DEVELOPMENT_TEAM = 6CVHWH9A2F;
				GENERATE_INFOPLIST_FILE = YES;
				IPHONEOS_DEPLOYMENT_TARGET = 18.2;
				MARKETING_VERSION = 1.0;
				PRODUCT_BUNDLE_IDENTIFIER = aro.tech.AwkTalk2Tests;
				PRODUCT_NAME = "$(TARGET_NAME)";
				SWIFT_EMIT_LOC_STRINGS = NO;
				SWIFT_VERSION = 5.0;
				TARGETED_DEVICE_FAMILY = "1,2";
				TEST_HOST = "$(BUILT_PRODUCTS_DIR)/AwkTalk2.app/$(BUNDLE_EXECUTABLE_FOLDER_PATH)/AwkTalk2";
			};
			name = Release;
		};
		7A3D65652D794E2F0015C27B /* Debug */ = {
			isa = XCBuildConfiguration;
			buildSettings = {
				CODE_SIGN_STYLE = Automatic;
				CURRENT_PROJECT_VERSION = 1;
				DEVELOPMENT_TEAM = 6CVHWH9A2F;
				GENERATE_INFOPLIST_FILE = YES;
				MARKETING_VERSION = 1.0;
				PRODUCT_BUNDLE_IDENTIFIER = aro.tech.AwkTalk2UITests;
				PRODUCT_NAME = "$(TARGET_NAME)";
				SWIFT_EMIT_LOC_STRINGS = NO;
				SWIFT_VERSION = 5.0;
				TARGETED_DEVICE_FAMILY = "1,2";
				TEST_TARGET_NAME = AwkTalk2;
			};
			name = Debug;
		};
		7A3D65662D794E2F0015C27B /* Release */ = {
			isa = XCBuildConfiguration;
			buildSettings = {
				CODE_SIGN_STYLE = Automatic;
				CURRENT_PROJECT_VERSION = 1;
				DEVELOPMENT_TEAM = 6CVHWH9A2F;
				GENERATE_INFOPLIST_FILE = YES;
				MARKETING_VERSION = 1.0;
				PRODUCT_BUNDLE_IDENTIFIER = aro.tech.AwkTalk2UITests;
				PRODUCT_NAME = "$(TARGET_NAME)";
				SWIFT_EMIT_LOC_STRINGS = NO;
				SWIFT_VERSION = 5.0;
				TARGETED_DEVICE_FAMILY = "1,2";
				TEST_TARGET_NAME = AwkTalk2;
			};
			name = Release;
		};
/* End XCBuildConfiguration section */

/* Begin XCConfigurationList section */
		7A3D65352D794E2E0015C27B /* Build configuration list for PBXProject "AwkTalk2" */ = {
			isa = XCConfigurationList;
			buildConfigurations = (
				7A3D655C2D794E2F0015C27B /* Debug */,
				7A3D655D2D794E2F0015C27B /* Release */,
			);
			defaultConfigurationIsVisible = 0;
			defaultConfigurationName = Release;
		};
		7A3D655E2D794E2F0015C27B /* Build configuration list for PBXNativeTarget "AwkTalk2" */ = {
			isa = XCConfigurationList;
			buildConfigurations = (
				7A3D655F2D794E2F0015C27B /* Debug */,
				7A3D65602D794E2F0015C27B /* Release */,
			);
			defaultConfigurationIsVisible = 0;
			defaultConfigurationName = Release;
		};
		7A3D65612D794E2F0015C27B /* Build configuration list for PBXNativeTarget "AwkTalk2Tests" */ = {
			isa = XCConfigurationList;
			buildConfigurations = (
				7A3D65622D794E2F0015C27B /* Debug */,
				7A3D65632D794E2F0015C27B /* Release */,
			);
			defaultConfigurationIsVisible = 0;
			defaultConfigurationName = Release;
		};
		7A3D65642D794E2F0015C27B /* Build configuration list for PBXNativeTarget "AwkTalk2UITests" */ = {
			isa = XCConfigurationList;
			buildConfigurations = (
				7A3D65652D794E2F0015C27B /* Debug */,
				7A3D65662D794E2F0015C27B /* Release */,
			);
			defaultConfigurationIsVisible = 0;
			defaultConfigurationName = Release;
		};
/* End XCConfigurationList section */
	};
	rootObject = 7A3D65322D794E2E0015C27B /* Project object */;
}
